
Microsoft Visual Studio Solution File, Format Version 12.00
# Visual Studio Version 17
VisualStudioVersion = 17.14.36705.20 d17.14
MinimumVisualStudioVersion = 10.0.40219.1
Project("{FAE04EC0-301F-11D3-BF4B-00C04F79EFBC}") = "ProductSaleManagement", "ProductSaleManagement.csproj", "{4A256941-2735-4927-9C1A-8D64A667C5C7}"
EndProject
Global
	GlobalSection(SolutionConfigurationPlatforms) = preSolution
		Debug|Any CPU = Debug|Any CPU
		Release|Any CPU = Release|Any CPU
	EndGlobalSection
	GlobalSection(ProjectConfigurationPlatforms) = postSolution
		{4A256941-2735-4927-9C1A-8D64A667C5C7}.Debug|Any CPU.ActiveCfg = Debug|Any CPU
		{4A256941-2735-4927-9C1A-8D64A667C5C7}.Debug|Any CPU.Build.0 = Debug|Any CPU
		{4A256941-2735-4927-9C1A-8D64A667C5C7}.Release|Any CPU.ActiveCfg = Release|Any CPU
		{4A256941-2735-4927-9C1A-8D64A667C5C7}.Release|Any CPU.Build.0 = Release|Any CPU
	EndGlobalSection
	GlobalSection(SolutionProperties) = preSolution
		HideSolutionNode = FALSE
	EndGlobalSection
	GlobalSection(ExtensibilityGlobals) = postSolution
		SolutionGuid = {4A6F01CE-95BC-45C0-A3A3-DA3095D0AC4B}
	EndGlobalSection
EndGlobal
